
Microsoft Visual Studio Solution File, Format Version 12.00
# Visual Studio Version 16
VisualStudioVersion = 16.0.31205.134
MinimumVisualStudioVersion = 10.0.40219.1
Project("{9A19103F-16F7-4668-BE54-9A1E7A4F7556}") = "CSharp", "CSharp\CSharp.csproj", "{18A5BDA3-C7A1-47CC-AB04-4D9A6EBF4ACE}"
EndProject
Project("{FAE04EC0-301F-11D3-BF4B-00C04F79EFBC}") = "Encapsulamento", "ClassLibrary1\Encapsulamento.csproj", "{F5BEBC66-9872-4299-BDEE-6ED1A2EB4808}"
EndProject
Global
	GlobalSection(SolutionConfigurationPlatforms) = preSolution
		Debug|Any CPU = Debug|Any CPU
		Release|Any CPU = Release|Any CPU
	EndGlobalSection
	GlobalSection(ProjectConfigurationPlatforms) = postSolution
		{18A5BDA3-C7A1-47CC-AB04-4D9A6EBF4ACE}.Debug|Any CPU.ActiveCfg = Debug|Any CPU
		{18A5BDA3-C7A1-47CC-AB04-4D9A6EBF4ACE}.Debug|Any CPU.Build.0 = Debug|Any CPU
		{18A5BDA3-C7A1-47CC-AB04-4D9A6EBF4ACE}.Release|Any CPU.ActiveCfg = Release|Any CPU
		{18A5BDA3-C7A1-47CC-AB04-4D9A6EBF4ACE}.Release|Any CPU.Build.0 = Release|Any CPU
		{F5BEBC66-9872-4299-BDEE-6ED1A2EB4808}.Debug|Any CPU.ActiveCfg = Debug|Any CPU
		{F5BEBC66-9872-4299-BDEE-6ED1A2EB4808}.Debug|Any CPU.Build.0 = Debug|Any CPU
		{F5BEBC66-9872-4299-BDEE-6ED1A2EB4808}.Release|Any CPU.ActiveCfg = Release|Any CPU
		{F5BEBC66-9872-4299-BDEE-6ED1A2EB4808}.Release|Any CPU.Build.0 = Release|Any CPU
	EndGlobalSection
	GlobalSection(SolutionProperties) = preSolution
		HideSolutionNode = FALSE
	EndGlobalSection
	GlobalSection(ExtensibilityGlobals) = postSolution
		SolutionGuid = {9D1C636E-6540-4D89-933D-BB8F8EA09CFC}
	EndGlobalSection
EndGlobal
